
Microsoft Visual Studio Solution File, Format Version 12.00
# Visual Studio Version 17
VisualStudioVersion = 17.5.002.0
MinimumVisualStudioVersion = 10.0.40219.1
Project("{9A19103F-16F7-4668-BE54-9A1E7A4F7556}") = "MVC", "MVC.csproj", "{0FAC0355-1288-4EB9-8516-788AA0172A37}"
EndProject
Global
	GlobalSection(SolutionConfigurationPlatforms) = preSolution
		Debug|Any CPU = Debug|Any CPU
		Release|Any CPU = Release|Any CPU
	EndGlobalSection
	GlobalSection(ProjectConfigurationPlatforms) = postSolution
		{0FAC0355-1288-4EB9-8516-788AA0172A37}.Debug|Any CPU.ActiveCfg = Debug|Any CPU
		{0FAC0355-1288-4EB9-8516-788AA0172A37}.Debug|Any CPU.Build.0 = Debug|Any CPU
		{0FAC0355-1288-4EB9-8516-788AA0172A37}.Release|Any CPU.ActiveCfg = Release|Any CPU
		{0FAC0355-1288-4EB9-8516-788AA0172A37}.Release|Any CPU.Build.0 = Release|Any CPU
	EndGlobalSection
	GlobalSection(SolutionProperties) = preSolution
		HideSolutionNode = FALSE
	EndGlobalSection
	GlobalSection(ExtensibilityGlobals) = postSolution
		SolutionGuid = {8D099935-A969-41B7-8AA0-B50CA2227AD8}
	EndGlobalSection
EndGlobal
